
Microsoft Visual Studio Solution File, Format Version 12.00
# Visual Studio Version 16
VisualStudioVersion = 16.0.30804.86
MinimumVisualStudioVersion = 10.0.40219.1
Project("{9A19103F-16F7-4668-BE54-9A1E7A4F7556}") = "LeetCode.Ex2", "LeetCode.Ex2\LeetCode.Ex2.csproj", "{0EC80146-ADAD-4FDE-A4B8-B5BD7B91E254}"
EndProject
Project("{FAE04EC0-301F-11D3-BF4B-00C04F79EFBC}") = "LeetCode.Ex2.Test", "LeetCode.Ex2.Test\LeetCode.Ex2.Test.csproj", "{9A7B0F3F-0125-416D-A668-41E58E24C50F}"
EndProject
Global
	GlobalSection(SolutionConfigurationPlatforms) = preSolution
		Debug|Any CPU = Debug|Any CPU
		Release|Any CPU = Release|Any CPU
	EndGlobalSection
	GlobalSection(ProjectConfigurationPlatforms) = postSolution
		{0EC80146-ADAD-4FDE-A4B8-B5BD7B91E254}.Debug|Any CPU.ActiveCfg = Debug|Any CPU
		{0EC80146-ADAD-4FDE-A4B8-B5BD7B91E254}.Debug|Any CPU.Build.0 = Debug|Any CPU
		{0EC80146-ADAD-4FDE-A4B8-B5BD7B91E254}.Release|Any CPU.ActiveCfg = Release|Any CPU
		{0EC80146-ADAD-4FDE-A4B8-B5BD7B91E254}.Release|Any CPU.Build.0 = Release|Any CPU
		{9A7B0F3F-0125-416D-A668-41E58E24C50F}.Debug|Any CPU.ActiveCfg = Debug|Any CPU
		{9A7B0F3F-0125-416D-A668-41E58E24C50F}.Debug|Any CPU.Build.0 = Debug|Any CPU
		{9A7B0F3F-0125-416D-A668-41E58E24C50F}.Release|Any CPU.ActiveCfg = Release|Any CPU
		{9A7B0F3F-0125-416D-A668-41E58E24C50F}.Release|Any CPU.Build.0 = Release|Any CPU
	EndGlobalSection
	GlobalSection(SolutionProperties) = preSolution
		HideSolutionNode = FALSE
	EndGlobalSection
	GlobalSection(ExtensibilityGlobals) = postSolution
		SolutionGuid = {00FF0F6D-E73C-4699-A3CE-F15A8293D58C}
	EndGlobalSection
EndGlobal
